
Microsoft Visual Studio Solution File, Format Version 12.00
# Visual Studio Version 17
VisualStudioVersion = 17.2.32616.157
MinimumVisualStudioVersion = 10.0.40219.1
Project("{FAE04EC0-301F-11D3-BF4B-00C04F79EFBC}") = "Chapter2", "Chapter2.csproj", "{B318E505-2DD4-4E61-A524-5CDE1718149D}"
EndProject
Global
	GlobalSection(SolutionConfigurationPlatforms) = preSolution
		Debug|Any CPU = Debug|Any CPU
		Release|Any CPU = Release|Any CPU
	EndGlobalSection
	GlobalSection(ProjectConfigurationPlatforms) = postSolution
		{B318E505-2DD4-4E61-A524-5CDE1718149D}.Debug|Any CPU.ActiveCfg = Debug|Any CPU
		{B318E505-2DD4-4E61-A524-5CDE1718149D}.Debug|Any CPU.Build.0 = Debug|Any CPU
		{B318E505-2DD4-4E61-A524-5CDE1718149D}.Release|Any CPU.ActiveCfg = Release|Any CPU
		{B318E505-2DD4-4E61-A524-5CDE1718149D}.Release|Any CPU.Build.0 = Release|Any CPU
	EndGlobalSection
	GlobalSection(SolutionProperties) = preSolution
		HideSolutionNode = FALSE
	EndGlobalSection
	GlobalSection(ExtensibilityGlobals) = postSolution
		SolutionGuid = {75B46CE5-09E2-4540-90EE-F4B33CE1DE65}
	EndGlobalSection
EndGlobal
